// !$*UTF8*$!
{
	archiveVersion = 1;
	classes = {
	};
	objectVersion = 56;
	objects = {

/* Begin PBXBuildFile section */
		FC1FE27E2A55E835008C067C /* RMCharacterPhotoCollectionViewCell.swift in Sources */ = {isa = PBXBuildFile; fileRef = FC1FE27D2A55E835008C067C /* RMCharacterPhotoCollectionViewCell.swift */; };
		FC1FE2802A55E840008C067C /* RMCharacterInfoCollectionViewCell.swift in Sources */ = {isa = PBXBuildFile; fileRef = FC1FE27F2A55E840008C067C /* RMCharacterInfoCollectionViewCell.swift */; };
		FC1FE2822A55E850008C067C /* RMCharacterEpisodeCollectionViewCell.swift in Sources */ = {isa = PBXBuildFile; fileRef = FC1FE2812A55E850008C067C /* RMCharacterEpisodeCollectionViewCell.swift */; };
		FC1FE2852A55E898008C067C /* RMCharacterPhotoCollectionViewCellViewModel.swift in Sources */ = {isa = PBXBuildFile; fileRef = FC1FE2842A55E898008C067C /* RMCharacterPhotoCollectionViewCellViewModel.swift */; };
		FC1FE2872A55E8DD008C067C /* RMCharacterInfoCollectionViewCellViewModel.swift in Sources */ = {isa = PBXBuildFile; fileRef = FC1FE2862A55E8DD008C067C /* RMCharacterInfoCollectionViewCellViewModel.swift */; };
		FC1FE2892A55E8EC008C067C /* RMCharacterEpisodeCollectionViewCellViewModel.swift in Sources */ = {isa = PBXBuildFile; fileRef = FC1FE2882A55E8EC008C067C /* RMCharacterEpisodeCollectionViewCellViewModel.swift */; };
		FC4A61E92A51DEC100A2AA9D /* RMService.swift in Sources */ = {isa = PBXBuildFile; fileRef = FC4A61E82A51DEC100A2AA9D /* RMService.swift */; };
		FC4A61EB2A51DED000A2AA9D /* RMRequest.swift in Sources */ = {isa = PBXBuildFile; fileRef = FC4A61EA2A51DED000A2AA9D /* RMRequest.swift */; };
		FC4A61ED2A51DF4C00A2AA9D /* RMEndpoint.swift in Sources */ = {isa = PBXBuildFile; fileRef = FC4A61EC2A51DF4C00A2AA9D /* RMEndpoint.swift */; };
		FC4A61EF2A51E5CA00A2AA9D /* RMOrigin.swift in Sources */ = {isa = PBXBuildFile; fileRef = FC4A61EE2A51E5CA00A2AA9D /* RMOrigin.swift */; };
		FC4A61F12A51E63800A2AA9D /* RMSingleLocation.swift in Sources */ = {isa = PBXBuildFile; fileRef = FC4A61F02A51E63800A2AA9D /* RMSingleLocation.swift */; };
		FC4A61F32A51E6F900A2AA9D /* RMCharacterStatus.swift in Sources */ = {isa = PBXBuildFile; fileRef = FC4A61F22A51E6F900A2AA9D /* RMCharacterStatus.swift */; };
		FC4A61F52A51E71F00A2AA9D /* RMCharacterGender.swift in Sources */ = {isa = PBXBuildFile; fileRef = FC4A61F42A51E71F00A2AA9D /* RMCharacterGender.swift */; };
		FC552E5A2A545CBF006EA4EE /* RMImageLoader.swift in Sources */ = {isa = PBXBuildFile; fileRef = FC552E592A545CBF006EA4EE /* RMImageLoader.swift */; };
		FC60D61F2A584689000F7208 /* RMEpisodeListView.swift in Sources */ = {isa = PBXBuildFile; fileRef = FC60D61E2A584689000F7208 /* RMEpisodeListView.swift */; };
		FC60D6212A584817000F7208 /* RMEpisodeListViewViewModel.swift in Sources */ = {isa = PBXBuildFile; fileRef = FC60D6202A584817000F7208 /* RMEpisodeListViewViewModel.swift */; };
		FC60D6232A5849CA000F7208 /* RMGetAllEpisodesResponse.swift in Sources */ = {isa = PBXBuildFile; fileRef = FC60D6222A5849CA000F7208 /* RMGetAllEpisodesResponse.swift */; };
		FC60D6252A585597000F7208 /* RMSearchViewController.swift in Sources */ = {isa = PBXBuildFile; fileRef = FC60D6242A585597000F7208 /* RMSearchViewController.swift */; };
		FC60D6282A59B8FD000F7208 /* RMEpisodeInfoCollectionViewCell.swift in Sources */ = {isa = PBXBuildFile; fileRef = FC60D6272A59B8FD000F7208 /* RMEpisodeInfoCollectionViewCell.swift */; };
		FC60D62B2A59B92A000F7208 /* RMEpisodeInfoCollectionViewCellViewModel.swift in Sources */ = {isa = PBXBuildFile; fileRef = FC60D62A2A59B92A000F7208 /* RMEpisodeInfoCollectionViewCellViewModel.swift */; };
		FC70CBE12A51D617008D8272 /* AppDelegate.swift in Sources */ = {isa = PBXBuildFile; fileRef = FC70CBE02A51D617008D8272 /* AppDelegate.swift */; };
		FC70CBE32A51D617008D8272 /* SceneDelegate.swift in Sources */ = {isa = PBXBuildFile; fileRef = FC70CBE22A51D617008D8272 /* SceneDelegate.swift */; };
		FC70CBE52A51D617008D8272 /* RMTabBarController.swift in Sources */ = {isa = PBXBuildFile; fileRef = FC70CBE42A51D617008D8272 /* RMTabBarController.swift */; };
		FC70CBEA2A51D617008D8272 /* Assets.xcassets in Resources */ = {isa = PBXBuildFile; fileRef = FC70CBE92A51D617008D8272 /* Assets.xcassets */; };
		FC70CBED2A51D617008D8272 /* LaunchScreen.storyboard in Resources */ = {isa = PBXBuildFile; fileRef = FC70CBEB2A51D617008D8272 /* LaunchScreen.storyboard */; };
		FC70CBFC2A51D7BA008D8272 /* RMLocation.swift in Sources */ = {isa = PBXBuildFile; fileRef = FC70CBFB2A51D7BA008D8272 /* RMLocation.swift */; };
		FC70CBFE2A51D7E0008D8272 /* RMCharacter.swift in Sources */ = {isa = PBXBuildFile; fileRef = FC70CBFD2A51D7E0008D8272 /* RMCharacter.swift */; };
		FC70CC002A51D7E7008D8272 /* RMEpisode.swift in Sources */ = {isa = PBXBuildFile; fileRef = FC70CBFF2A51D7E7008D8272 /* RMEpisode.swift */; };
		FC70CC032A51D844008D8272 /* RMCharacterViewController.swift in Sources */ = {isa = PBXBuildFile; fileRef = FC70CC022A51D844008D8272 /* RMCharacterViewController.swift */; };
		FC70CC052A51D852008D8272 /* RMLocationViewController.swift in Sources */ = {isa = PBXBuildFile; fileRef = FC70CC042A51D852008D8272 /* RMLocationViewController.swift */; };
		FC70CC072A51D85B008D8272 /* RMEpisodeViewController.swift in Sources */ = {isa = PBXBuildFile; fileRef = FC70CC062A51D85B008D8272 /* RMEpisodeViewController.swift */; };
		FC70CC092A51D866008D8272 /* RMSettingsViewController.swift in Sources */ = {isa = PBXBuildFile; fileRef = FC70CC082A51D866008D8272 /* RMSettingsViewController.swift */; };
		FC7A18152A5C443C008C3B04 /* RMLocationView.swift in Sources */ = {isa = PBXBuildFile; fileRef = FC7A18142A5C443C008C3B04 /* RMLocationView.swift */; };
		FC7A18182A5C4667008C3B04 /* RMLocationViewViewModel.swift in Sources */ = {isa = PBXBuildFile; fileRef = FC7A18172A5C4667008C3B04 /* RMLocationViewViewModel.swift */; };
		FC7A181A2A5C4989008C3B04 /* RMGetAllLocationsResponse.swift in Sources */ = {isa = PBXBuildFile; fileRef = FC7A18192A5C4989008C3B04 /* RMGetAllLocationsResponse.swift */; };
		FC7A181C2A5C4A80008C3B04 /* RMLocationTableViewCell.swift in Sources */ = {isa = PBXBuildFile; fileRef = FC7A181B2A5C4A80008C3B04 /* RMLocationTableViewCell.swift */; };
		FC7A181E2A5C4AE0008C3B04 /* RMLocationTableViewCellViewModel.swift in Sources */ = {isa = PBXBuildFile; fileRef = FC7A181D2A5C4AE0008C3B04 /* RMLocationTableViewCellViewModel.swift */; };
		FC7A18202A5C837F008C3B04 /* RMLocationDetailViewController.swift in Sources */ = {isa = PBXBuildFile; fileRef = FC7A181F2A5C837F008C3B04 /* RMLocationDetailViewController.swift */; };
		FC7A18232A5C84E7008C3B04 /* RMLocationDetailView.swift in Sources */ = {isa = PBXBuildFile; fileRef = FC7A18222A5C84E7008C3B04 /* RMLocationDetailView.swift */; };
		FC7A18252A5C857C008C3B04 /* RMLocationDetailViewViewModel.swift in Sources */ = {isa = PBXBuildFile; fileRef = FC7A18242A5C857C008C3B04 /* RMLocationDetailViewViewModel.swift */; };
		FC8362E22A573FBC007B5076 /* RMEpisodeDetailViewController.swift in Sources */ = {isa = PBXBuildFile; fileRef = FC8362E12A573FBC007B5076 /* RMEpisodeDetailViewController.swift */; };
		FC8362E42A574251007B5076 /* RMAPICacheManager.swift in Sources */ = {isa = PBXBuildFile; fileRef = FC8362E32A574251007B5076 /* RMAPICacheManager.swift */; };
		FC8362E62A5745A2007B5076 /* RMEpisodeDetailViewViewModel.swift in Sources */ = {isa = PBXBuildFile; fileRef = FC8362E52A5745A2007B5076 /* RMEpisodeDetailViewViewModel.swift */; };
		FC8362E82A5745C5007B5076 /* RMEpisodeDetailView.swift in Sources */ = {isa = PBXBuildFile; fileRef = FC8362E72A5745C5007B5076 /* RMEpisodeDetailView.swift */; };
		FCC2E3C52A5B0CE9002067B9 /* RMSettingsViewViewModel.swift in Sources */ = {isa = PBXBuildFile; fileRef = FCC2E3C42A5B0CE9002067B9 /* RMSettingsViewViewModel.swift */; };
		FCC2E3C72A5B0D21002067B9 /* RMSettingsCellViewModel.swift in Sources */ = {isa = PBXBuildFile; fileRef = FCC2E3C62A5B0D21002067B9 /* RMSettingsCellViewModel.swift */; };
		FCC2E3C92A5B0D7F002067B9 /* RMSettingsOption.swift in Sources */ = {isa = PBXBuildFile; fileRef = FCC2E3C82A5B0D7F002067B9 /* RMSettingsOption.swift */; };
		FCC2E3CC2A5B14F9002067B9 /* RMSettingsView.swift in Sources */ = {isa = PBXBuildFile; fileRef = FCC2E3CB2A5B14F9002067B9 /* RMSettingsView.swift */; };
		FCC40A302A537FAE00DF10EC /* RMFooterLoadingCollectionReusableView.swift in Sources */ = {isa = PBXBuildFile; fileRef = FCC40A2F2A537FAE00DF10EC /* RMFooterLoadingCollectionReusableView.swift */; };
		FCDB7A052A5D954C007C7354 /* RMSearchView.swift in Sources */ = {isa = PBXBuildFile; fileRef = FCDB7A042A5D954C007C7354 /* RMSearchView.swift */; };
		FCDB7A072A5D95E3007C7354 /* RMSearchViewViewModel.swift in Sources */ = {isa = PBXBuildFile; fileRef = FCDB7A062A5D95E3007C7354 /* RMSearchViewViewModel.swift */; };
		FCDB7A092A5D9723007C7354 /* RMNoSearchResultsView.swift in Sources */ = {isa = PBXBuildFile; fileRef = FCDB7A082A5D9723007C7354 /* RMNoSearchResultsView.swift */; };
		FCDB7A0C2A5D9745007C7354 /* RMNoSearchResultsViewViewModel.swift in Sources */ = {isa = PBXBuildFile; fileRef = FCDB7A0B2A5D9745007C7354 /* RMNoSearchResultsViewViewModel.swift */; };
		FCDB7A0E2A5D978C007C7354 /* RMSearchInputView.swift in Sources */ = {isa = PBXBuildFile; fileRef = FCDB7A0D2A5D978C007C7354 /* RMSearchInputView.swift */; };
		FCDB7A102A5D979B007C7354 /* RMSearchInputViewViewModel.swift in Sources */ = {isa = PBXBuildFile; fileRef = FCDB7A0F2A5D979B007C7354 /* RMSearchInputViewViewModel.swift */; };
		FCDB7A122A5DC3E7007C7354 /* RMSearchOptionPickerViewController.swift in Sources */ = {isa = PBXBuildFile; fileRef = FCDB7A112A5DC3E7007C7354 /* RMSearchOptionPickerViewController.swift */; };
		FCFB85032A53008500A4BA27 /* RMGetAllCharactersResponse.swift in Sources */ = {isa = PBXBuildFile; fileRef = FCFB85022A53008500A4BA27 /* RMGetAllCharactersResponse.swift */; };
		FCFB85052A5303E600A4BA27 /* RMCharacterListViewViewModel.swift in Sources */ = {isa = PBXBuildFile; fileRef = FCFB85042A5303E600A4BA27 /* RMCharacterListViewViewModel.swift */; };
		FCFB85072A53044400A4BA27 /* RMCharacterListView.swift in Sources */ = {isa = PBXBuildFile; fileRef = FCFB85062A53044400A4BA27 /* RMCharacterListView.swift */; };
		FCFB85092A5308B000A4BA27 /* Extensions.swift in Sources */ = {isa = PBXBuildFile; fileRef = FCFB85082A5308B000A4BA27 /* Extensions.swift */; };
		FCFB850B2A53126600A4BA27 /* RMCharacterCollectionViewCell.swift in Sources */ = {isa = PBXBuildFile; fileRef = FCFB850A2A53126600A4BA27 /* RMCharacterCollectionViewCell.swift */; };
		FCFB850D2A53134500A4BA27 /* RMCharacterCollectionViewCellViewModel.swift in Sources */ = {isa = PBXBuildFile; fileRef = FCFB850C2A53134500A4BA27 /* RMCharacterCollectionViewCellViewModel.swift */; };
		FCFB85102A533C6100A4BA27 /* RMCharacterDetailViewController.swift in Sources */ = {isa = PBXBuildFile; fileRef = FCFB850F2A533C6100A4BA27 /* RMCharacterDetailViewController.swift */; };
		FCFB85122A533CD800A4BA27 /* RMCharacterDetailView.swift in Sources */ = {isa = PBXBuildFile; fileRef = FCFB85112A533CD800A4BA27 /* RMCharacterDetailView.swift */; };
		FCFB85142A533CEF00A4BA27 /* RMCharacterDetailViewViewModel.swift in Sources */ = {isa = PBXBuildFile; fileRef = FCFB85132A533CEF00A4BA27 /* RMCharacterDetailViewViewModel.swift */; };
/* End PBXBuildFile section */

/* Begin PBXFileReference section */
		FC1FE27D2A55E835008C067C /* RMCharacterPhotoCollectionViewCell.swift */ = {isa = PBXFileReference; lastKnownFileType = sourcecode.swift; path = RMCharacterPhotoCollectionViewCell.swift; sourceTree = "<group>"; };
		FC1FE27F2A55E840008C067C /* RMCharacterInfoCollectionViewCell.swift */ = {isa = PBXFileReference; lastKnownFileType = sourcecode.swift; path = RMCharacterInfoCollectionViewCell.swift; sourceTree = "<group>"; };
		FC1FE2812A55E850008C067C /* RMCharacterEpisodeCollectionViewCell.swift */ = {isa = PBXFileReference; lastKnownFileType = sourcecode.swift; path = RMCharacterEpisodeCollectionViewCell.swift; sourceTree = "<group>"; };
		FC1FE2842A55E898008C067C /* RMCharacterPhotoCollectionViewCellViewModel.swift */ = {isa = PBXFileReference; lastKnownFileType = sourcecode.swift; path = RMCharacterPhotoCollectionViewCellViewModel.swift; sourceTree = "<group>"; };
		FC1FE2862A55E8DD008C067C /* RMCharacterInfoCollectionViewCellViewModel.swift */ = {isa = PBXFileReference; lastKnownFileType = sourcecode.swift; path = RMCharacterInfoCollectionViewCellViewModel.swift; sourceTree = "<group>"; };
		FC1FE2882A55E8EC008C067C /* RMCharacterEpisodeCollectionViewCellViewModel.swift */ = {isa = PBXFileReference; lastKnownFileType = sourcecode.swift; path = RMCharacterEpisodeCollectionViewCellViewModel.swift; sourceTree = "<group>"; };
		FC4A61E82A51DEC100A2AA9D /* RMService.swift */ = {isa = PBXFileReference; lastKnownFileType = sourcecode.swift; path = RMService.swift; sourceTree = "<group>"; };
		FC4A61EA2A51DED000A2AA9D /* RMRequest.swift */ = {isa = PBXFileReference; lastKnownFileType = sourcecode.swift; path = RMRequest.swift; sourceTree = "<group>"; };
		FC4A61EC2A51DF4C00A2AA9D /* RMEndpoint.swift */ = {isa = PBXFileReference; lastKnownFileType = sourcecode.swift; path = RMEndpoint.swift; sourceTree = "<group>"; };
		FC4A61EE2A51E5CA00A2AA9D /* RMOrigin.swift */ = {isa = PBXFileReference; lastKnownFileType = sourcecode.swift; path = RMOrigin.swift; sourceTree = "<group>"; };
		FC4A61F02A51E63800A2AA9D /* RMSingleLocation.swift */ = {isa = PBXFileReference; lastKnownFileType = sourcecode.swift; path = RMSingleLocation.swift; sourceTree = "<group>"; };
		FC4A61F22A51E6F900A2AA9D /* RMCharacterStatus.swift */ = {isa = PBXFileReference; lastKnownFileType = sourcecode.swift; path = RMCharacterStatus.swift; sourceTree = "<group>"; };
		FC4A61F42A51E71F00A2AA9D /* RMCharacterGender.swift */ = {isa = PBXFileReference; lastKnownFileType = sourcecode.swift; path = RMCharacterGender.swift; sourceTree = "<group>"; };
		FC552E592A545CBF006EA4EE /* RMImageLoader.swift */ = {isa = PBXFileReference; lastKnownFileType = sourcecode.swift; path = RMImageLoader.swift; sourceTree = "<group>"; };
		FC60D61E2A584689000F7208 /* RMEpisodeListView.swift */ = {isa = PBXFileReference; lastKnownFileType = sourcecode.swift; path = RMEpisodeListView.swift; sourceTree = "<group>"; };
		FC60D6202A584817000F7208 /* RMEpisodeListViewViewModel.swift */ = {isa = PBXFileReference; lastKnownFileType = sourcecode.swift; path = RMEpisodeListViewViewModel.swift; sourceTree = "<group>"; };
		FC60D6222A5849CA000F7208 /* RMGetAllEpisodesResponse.swift */ = {isa = PBXFileReference; lastKnownFileType = sourcecode.swift; path = RMGetAllEpisodesResponse.swift; sourceTree = "<group>"; };
		FC60D6242A585597000F7208 /* RMSearchViewController.swift */ = {isa = PBXFileReference; lastKnownFileType = sourcecode.swift; path = RMSearchViewController.swift; sourceTree = "<group>"; };
		FC60D6272A59B8FD000F7208 /* RMEpisodeInfoCollectionViewCell.swift */ = {isa = PBXFileReference; lastKnownFileType = sourcecode.swift; path = RMEpisodeInfoCollectionViewCell.swift; sourceTree = "<group>"; };
		FC60D62A2A59B92A000F7208 /* RMEpisodeInfoCollectionViewCellViewModel.swift */ = {isa = PBXFileReference; lastKnownFileType = sourcecode.swift; path = RMEpisodeInfoCollectionViewCellViewModel.swift; sourceTree = "<group>"; };
		FC70CBDD2A51D617008D8272 /* RickAndMorty.app */ = {isa = PBXFileReference; explicitFileType = wrapper.application; includeInIndex = 0; path = RickAndMorty.app; sourceTree = BUILT_PRODUCTS_DIR; };
		FC70CBE02A51D617008D8272 /* AppDelegate.swift */ = {isa = PBXFileReference; lastKnownFileType = sourcecode.swift; path = AppDelegate.swift; sourceTree = "<group>"; };
		FC70CBE22A51D617008D8272 /* SceneDelegate.swift */ = {isa = PBXFileReference; lastKnownFileType = sourcecode.swift; path = SceneDelegate.swift; sourceTree = "<group>"; };
		FC70CBE42A51D617008D8272 /* RMTabBarController.swift */ = {isa = PBXFileReference; lastKnownFileType = sourcecode.swift; path = RMTabBarController.swift; sourceTree = "<group>"; };
		FC70CBE92A51D617008D8272 /* Assets.xcassets */ = {isa = PBXFileReference; lastKnownFileType = folder.assetcatalog; path = Assets.xcassets; sourceTree = "<group>"; };
		FC70CBEC2A51D617008D8272 /* Base */ = {isa = PBXFileReference; lastKnownFileType = file.storyboard; name = Base; path = Base.lproj/LaunchScreen.storyboard; sourceTree = "<group>"; };
		FC70CBEE2A51D617008D8272 /* Info.plist */ = {isa = PBXFileReference; lastKnownFileType = text.plist.xml; path = Info.plist; sourceTree = "<group>"; };
		FC70CBFB2A51D7BA008D8272 /* RMLocation.swift */ = {isa = PBXFileReference; lastKnownFileType = sourcecode.swift; path = RMLocation.swift; sourceTree = "<group>"; };
		FC70CBFD2A51D7E0008D8272 /* RMCharacter.swift */ = {isa = PBXFileReference; lastKnownFileType = sourcecode.swift; path = RMCharacter.swift; sourceTree = "<group>"; };
		FC70CBFF2A51D7E7008D8272 /* RMEpisode.swift */ = {isa = PBXFileReference; lastKnownFileType = sourcecode.swift; path = RMEpisode.swift; sourceTree = "<group>"; };
		FC70CC022A51D844008D8272 /* RMCharacterViewController.swift */ = {isa = PBXFileReference; lastKnownFileType = sourcecode.swift; path = RMCharacterViewController.swift; sourceTree = "<group>"; };
		FC70CC042A51D852008D8272 /* RMLocationViewController.swift */ = {isa = PBXFileReference; lastKnownFileType = sourcecode.swift; path = RMLocationViewController.swift; sourceTree = "<group>"; };
		FC70CC062A51D85B008D8272 /* RMEpisodeViewController.swift */ = {isa = PBXFileReference; lastKnownFileType = sourcecode.swift; path = RMEpisodeViewController.swift; sourceTree = "<group>"; };
		FC70CC082A51D866008D8272 /* RMSettingsViewController.swift */ = {isa = PBXFileReference; lastKnownFileType = sourcecode.swift; path = RMSettingsViewController.swift; sourceTree = "<group>"; };
		FC7A18142A5C443C008C3B04 /* RMLocationView.swift */ = {isa = PBXFileReference; lastKnownFileType = sourcecode.swift; path = RMLocationView.swift; sourceTree = "<group>"; };
		FC7A18172A5C4667008C3B04 /* RMLocationViewViewModel.swift */ = {isa = PBXFileReference; lastKnownFileType = sourcecode.swift; path = RMLocationViewViewModel.swift; sourceTree = "<group>"; };
		FC7A18192A5C4989008C3B04 /* RMGetAllLocationsResponse.swift */ = {isa = PBXFileReference; lastKnownFileType = sourcecode.swift; path = RMGetAllLocationsResponse.swift; sourceTree = "<group>"; };
		FC7A181B2A5C4A80008C3B04 /* RMLocationTableViewCell.swift */ = {isa = PBXFileReference; lastKnownFileType = sourcecode.swift; path = RMLocationTableViewCell.swift; sourceTree = "<group>"; };
		FC7A181D2A5C4AE0008C3B04 /* RMLocationTableViewCellViewModel.swift */ = {isa = PBXFileReference; lastKnownFileType = sourcecode.swift; path = RMLocationTableViewCellViewModel.swift; sourceTree = "<group>"; };
		FC7A181F2A5C837F008C3B04 /* RMLocationDetailViewController.swift */ = {isa = PBXFileReference; lastKnownFileType = sourcecode.swift; path = RMLocationDetailViewController.swift; sourceTree = "<group>"; };
		FC7A18222A5C84E7008C3B04 /* RMLocationDetailView.swift */ = {isa = PBXFileReference; lastKnownFileType = sourcecode.swift; path = RMLocationDetailView.swift; sourceTree = "<group>"; };
		FC7A18242A5C857C008C3B04 /* RMLocationDetailViewViewModel.swift */ = {isa = PBXFileReference; lastKnownFileType = sourcecode.swift; path = RMLocationDetailViewViewModel.swift; sourceTree = "<group>"; };
		FC8362E12A573FBC007B5076 /* RMEpisodeDetailViewController.swift */ = {isa = PBXFileReference; lastKnownFileType = sourcecode.swift; path = RMEpisodeDetailViewController.swift; sourceTree = "<group>"; };
		FC8362E32A574251007B5076 /* RMAPICacheManager.swift */ = {isa = PBXFileReference; lastKnownFileType = sourcecode.swift; path = RMAPICacheManager.swift; sourceTree = "<group>"; };
		FC8362E52A5745A2007B5076 /* RMEpisodeDetailViewViewModel.swift */ = {isa = PBXFileReference; lastKnownFileType = sourcecode.swift; path = RMEpisodeDetailViewViewModel.swift; sourceTree = "<group>"; };
		FC8362E72A5745C5007B5076 /* RMEpisodeDetailView.swift */ = {isa = PBXFileReference; lastKnownFileType = sourcecode.swift; path = RMEpisodeDetailView.swift; sourceTree = "<group>"; };
		FCC2E3C42A5B0CE9002067B9 /* RMSettingsViewViewModel.swift */ = {isa = PBXFileReference; lastKnownFileType = sourcecode.swift; path = RMSettingsViewViewModel.swift; sourceTree = "<group>"; };
		FCC2E3C62A5B0D21002067B9 /* RMSettingsCellViewModel.swift */ = {isa = PBXFileReference; lastKnownFileType = sourcecode.swift; path = RMSettingsCellViewModel.swift; sourceTree = "<group>"; };
		FCC2E3C82A5B0D7F002067B9 /* RMSettingsOption.swift */ = {isa = PBXFileReference; lastKnownFileType = sourcecode.swift; path = RMSettingsOption.swift; sourceTree = "<group>"; };
		FCC2E3CB2A5B14F9002067B9 /* RMSettingsView.swift */ = {isa = PBXFileReference; lastKnownFileType = sourcecode.swift; path = RMSettingsView.swift; sourceTree = "<group>"; };
		FCC40A2F2A537FAE00DF10EC /* RMFooterLoadingCollectionReusableView.swift */ = {isa = PBXFileReference; lastKnownFileType = sourcecode.swift; path = RMFooterLoadingCollectionReusableView.swift; sourceTree = "<group>"; };
		FCDB7A042A5D954C007C7354 /* RMSearchView.swift */ = {isa = PBXFileReference; lastKnownFileType = sourcecode.swift; path = RMSearchView.swift; sourceTree = "<group>"; };
		FCDB7A062A5D95E3007C7354 /* RMSearchViewViewModel.swift */ = {isa = PBXFileReference; lastKnownFileType = sourcecode.swift; path = RMSearchViewViewModel.swift; sourceTree = "<group>"; };
		FCDB7A082A5D9723007C7354 /* RMNoSearchResultsView.swift */ = {isa = PBXFileReference; lastKnownFileType = sourcecode.swift; path = RMNoSearchResultsView.swift; sourceTree = "<group>"; };
		FCDB7A0B2A5D9745007C7354 /* RMNoSearchResultsViewViewModel.swift */ = {isa = PBXFileReference; lastKnownFileType = sourcecode.swift; path = RMNoSearchResultsViewViewModel.swift; sourceTree = "<group>"; };
		FCDB7A0D2A5D978C007C7354 /* RMSearchInputView.swift */ = {isa = PBXFileReference; lastKnownFileType = sourcecode.swift; path = RMSearchInputView.swift; sourceTree = "<group>"; };
		FCDB7A0F2A5D979B007C7354 /* RMSearchInputViewViewModel.swift */ = {isa = PBXFileReference; lastKnownFileType = sourcecode.swift; path = RMSearchInputViewViewModel.swift; sourceTree = "<group>"; };
		FCDB7A112A5DC3E7007C7354 /* RMSearchOptionPickerViewController.swift */ = {isa = PBXFileReference; lastKnownFileType = sourcecode.swift; path = RMSearchOptionPickerViewController.swift; sourceTree = "<group>"; };
		FCFB85022A53008500A4BA27 /* RMGetAllCharactersResponse.swift */ = {isa = PBXFileReference; lastKnownFileType = sourcecode.swift; path = RMGetAllCharactersResponse.swift; sourceTree = "<group>"; };
		FCFB85042A5303E600A4BA27 /* RMCharacterListViewViewModel.swift */ = {isa = PBXFileReference; lastKnownFileType = sourcecode.swift; path = RMCharacterListViewViewModel.swift; sourceTree = "<group>"; };
		FCFB85062A53044400A4BA27 /* RMCharacterListView.swift */ = {isa = PBXFileReference; lastKnownFileType = sourcecode.swift; path = RMCharacterListView.swift; sourceTree = "<group>"; };
		FCFB85082A5308B000A4BA27 /* Extensions.swift */ = {isa = PBXFileReference; lastKnownFileType = sourcecode.swift; path = Extensions.swift; sourceTree = "<group>"; };
		FCFB850A2A53126600A4BA27 /* RMCharacterCollectionViewCell.swift */ = {isa = PBXFileReference; lastKnownFileType = sourcecode.swift; path = RMCharacterCollectionViewCell.swift; sourceTree = "<group>"; };
		FCFB850C2A53134500A4BA27 /* RMCharacterCollectionViewCellViewModel.swift */ = {isa = PBXFileReference; lastKnownFileType = sourcecode.swift; path = RMCharacterCollectionViewCellViewModel.swift; sourceTree = "<group>"; };
		FCFB850F2A533C6100A4BA27 /* RMCharacterDetailViewController.swift */ = {isa = PBXFileReference; lastKnownFileType = sourcecode.swift; path = RMCharacterDetailViewController.swift; sourceTree = "<group>"; };
		FCFB85112A533CD800A4BA27 /* RMCharacterDetailView.swift */ = {isa = PBXFileReference; lastKnownFileType = sourcecode.swift; path = RMCharacterDetailView.swift; sourceTree = "<group>"; };
		FCFB85132A533CEF00A4BA27 /* RMCharacterDetailViewViewModel.swift */ = {isa = PBXFileReference; lastKnownFileType = sourcecode.swift; path = RMCharacterDetailViewViewModel.swift; sourceTree = "<group>"; };
/* End PBXFileReference section */

/* Begin PBXFrameworksBuildPhase section */
		FC70CBDA2A51D617008D8272 /* Frameworks */ = {
			isa = PBXFrameworksBuildPhase;
			buildActionMask = 2147483647;
			files = (
			);
			runOnlyForDeploymentPostprocessing = 0;
		};
/* End PBXFrameworksBuildPhase section */

/* Begin PBXGroup section */
		FC1FE27B2A55E7DA008C067C /* CharacterDetails */ = {
			isa = PBXGroup;
			children = (
				FCFB85112A533CD800A4BA27 /* RMCharacterDetailView.swift */,
				FC1FE27D2A55E835008C067C /* RMCharacterPhotoCollectionViewCell.swift */,
				FC1FE27F2A55E840008C067C /* RMCharacterInfoCollectionViewCell.swift */,
				FC1FE2812A55E850008C067C /* RMCharacterEpisodeCollectionViewCell.swift */,
			);
			path = CharacterDetails;
			sourceTree = "<group>";
		};
		FC1FE27C2A55E7F2008C067C /* Character */ = {
			isa = PBXGroup;
			children = (
				FCFB850A2A53126600A4BA27 /* RMCharacterCollectionViewCell.swift */,
				FCFB85062A53044400A4BA27 /* RMCharacterListView.swift */,
			);
			path = Character;
			sourceTree = "<group>";
		};
		FC1FE2832A55E859008C067C /* CharacterDetail */ = {
			isa = PBXGroup;
			children = (
				FCFB85132A533CEF00A4BA27 /* RMCharacterDetailViewViewModel.swift */,
				FC1FE2842A55E898008C067C /* RMCharacterPhotoCollectionViewCellViewModel.swift */,
				FC1FE2862A55E8DD008C067C /* RMCharacterInfoCollectionViewCellViewModel.swift */,
				FC1FE2882A55E8EC008C067C /* RMCharacterEpisodeCollectionViewCellViewModel.swift */,
			);
			path = CharacterDetail;
			sourceTree = "<group>";
		};
		FC60D61D2A58467A000F7208 /* Episode */ = {
			isa = PBXGroup;
			children = (
				FC60D61E2A584689000F7208 /* RMEpisodeListView.swift */,
			);
			path = Episode;
			sourceTree = "<group>";
		};
		FC60D6262A59B8D6000F7208 /* EpisodeDetails */ = {
			isa = PBXGroup;
			children = (
				FC8362E72A5745C5007B5076 /* RMEpisodeDetailView.swift */,
				FC60D6272A59B8FD000F7208 /* RMEpisodeInfoCollectionViewCell.swift */,
			);
			path = EpisodeDetails;
			sourceTree = "<group>";
		};
		FC60D6292A59B917000F7208 /* EpisodeDetails */ = {
			isa = PBXGroup;
			children = (
				FC8362E52A5745A2007B5076 /* RMEpisodeDetailViewViewModel.swift */,
				FC60D62A2A59B92A000F7208 /* RMEpisodeInfoCollectionViewCellViewModel.swift */,
			);
			path = EpisodeDetails;
			sourceTree = "<group>";
		};
		FC70CBD42A51D617008D8272 = {
			isa = PBXGroup;
			children = (
				FC70CBDF2A51D617008D8272 /* RickAndMorty */,
				FC70CBDE2A51D617008D8272 /* Products */,
			);
			sourceTree = "<group>";
		};
		FC70CBDE2A51D617008D8272 /* Products */ = {
			isa = PBXGroup;
			children = (
				FC70CBDD2A51D617008D8272 /* RickAndMorty.app */,
			);
			name = Products;
			sourceTree = "<group>";
		};
		FC70CBDF2A51D617008D8272 /* RickAndMorty */ = {
			isa = PBXGroup;
			children = (
				FC70CBEE2A51D617008D8272 /* Info.plist */,
				FC70CBF82A51D758008D8272 /* APIClient */,
				FC70CBF42A51D730008D8272 /* Controllers */,
				FC70CBF92A51D763008D8272 /* Managers */,
				FC70CBF52A51D73D008D8272 /* Models */,
				FC70CBFA2A51D76A008D8272 /* Resources */,
				FC70CBF72A51D749008D8272 /* ViewModels */,
				FC70CBF62A51D743008D8272 /* Views */,
			);
			path = RickAndMorty;
			sourceTree = "<group>";
		};
		FC70CBF42A51D730008D8272 /* Controllers */ = {
			isa = PBXGroup;
			children = (
				FCFB850E2A533C4100A4BA27 /* Other */,
				FC70CC012A51D824008D8272 /* Core */,
			);
			path = Controllers;
			sourceTree = "<group>";
		};
		FC70CBF52A51D73D008D8272 /* Models */ = {
			isa = PBXGroup;
			children = (
				FCFB85012A53006800A4BA27 /* APIResponseTypes */,
				FCFB85002A53005900A4BA27 /* DataTypes */,
			);
			path = Models;
			sourceTree = "<group>";
		};
		FC70CBF62A51D743008D8272 /* Views */ = {
			isa = PBXGroup;
			children = (
				FCDB7A032A5D9539007C7354 /* Search */,
				FC7A18212A5C84CD008C3B04 /* LocationDetails */,
				FC7A18132A5C4425008C3B04 /* Location */,
				FCC2E3CA2A5B14E5002067B9 /* SwiftUI */,
				FC60D6262A59B8D6000F7208 /* EpisodeDetails */,
				FC60D61D2A58467A000F7208 /* Episode */,
				FC1FE27B2A55E7DA008C067C /* CharacterDetails */,
				FC1FE27C2A55E7F2008C067C /* Character */,
				FCC40A2F2A537FAE00DF10EC /* RMFooterLoadingCollectionReusableView.swift */,
			);
			path = Views;
			sourceTree = "<group>";
		};
		FC70CBF72A51D749008D8272 /* ViewModels */ = {
			isa = PBXGroup;
			children = (
				FCDB7A0A2A5D972B007C7354 /* Search */,
				FC7A18162A5C4658008C3B04 /* Locations */,
				FCC2E3C32A5B0CD9002067B9 /* Settings */,
				FC60D6292A59B917000F7208 /* EpisodeDetails */,
				FC1FE2832A55E859008C067C /* CharacterDetail */,
				FCFB85042A5303E600A4BA27 /* RMCharacterListViewViewModel.swift */,
				FCFB850C2A53134500A4BA27 /* RMCharacterCollectionViewCellViewModel.swift */,
				FC60D6202A584817000F7208 /* RMEpisodeListViewViewModel.swift */,
			);
			path = ViewModels;
			sourceTree = "<group>";
		};
		FC70CBF82A51D758008D8272 /* APIClient */ = {
			isa = PBXGroup;
			children = (
				FC4A61E82A51DEC100A2AA9D /* RMService.swift */,
				FC4A61EA2A51DED000A2AA9D /* RMRequest.swift */,
				FC4A61EC2A51DF4C00A2AA9D /* RMEndpoint.swift */,
			);
			path = APIClient;
			sourceTree = "<group>";
		};
		FC70CBF92A51D763008D8272 /* Managers */ = {
			isa = PBXGroup;
			children = (
				FC552E592A545CBF006EA4EE /* RMImageLoader.swift */,
				FC8362E32A574251007B5076 /* RMAPICacheManager.swift */,
			);
			path = Managers;
			sourceTree = "<group>";
		};
		FC70CBFA2A51D76A008D8272 /* Resources */ = {
			isa = PBXGroup;
			children = (
				FC70CBE92A51D617008D8272 /* Assets.xcassets */,
				FC70CBEB2A51D617008D8272 /* LaunchScreen.storyboard */,
				FC70CBE02A51D617008D8272 /* AppDelegate.swift */,
				FC70CBE22A51D617008D8272 /* SceneDelegate.swift */,
				FCFB85082A5308B000A4BA27 /* Extensions.swift */,
			);
			path = Resources;
			sourceTree = "<group>";
		};
		FC70CC012A51D824008D8272 /* Core */ = {
			isa = PBXGroup;
			children = (
				FC70CBE42A51D617008D8272 /* RMTabBarController.swift */,
				FC70CC022A51D844008D8272 /* RMCharacterViewController.swift */,
				FC70CC042A51D852008D8272 /* RMLocationViewController.swift */,
				FC70CC062A51D85B008D8272 /* RMEpisodeViewController.swift */,
				FC70CC082A51D866008D8272 /* RMSettingsViewController.swift */,
			);
			path = Core;
			sourceTree = "<group>";
		};
		FC7A18132A5C4425008C3B04 /* Location */ = {
			isa = PBXGroup;
			children = (
				FC7A18142A5C443C008C3B04 /* RMLocationView.swift */,
				FC7A181B2A5C4A80008C3B04 /* RMLocationTableViewCell.swift */,
			);
			path = Location;
			sourceTree = "<group>";
		};
		FC7A18162A5C4658008C3B04 /* Locations */ = {
			isa = PBXGroup;
			children = (
				FC7A18172A5C4667008C3B04 /* RMLocationViewViewModel.swift */,
				FC7A181D2A5C4AE0008C3B04 /* RMLocationTableViewCellViewModel.swift */,
				FC7A18242A5C857C008C3B04 /* RMLocationDetailViewViewModel.swift */,
			);
			path = Locations;
			sourceTree = "<group>";
		};
		FC7A18212A5C84CD008C3B04 /* LocationDetails */ = {
			isa = PBXGroup;
			children = (
				FC7A18222A5C84E7008C3B04 /* RMLocationDetailView.swift */,
			);
			path = LocationDetails;
			sourceTree = "<group>";
		};
		FCC2E3C32A5B0CD9002067B9 /* Settings */ = {
			isa = PBXGroup;
			children = (
				FCC2E3C42A5B0CE9002067B9 /* RMSettingsViewViewModel.swift */,
				FCC2E3C62A5B0D21002067B9 /* RMSettingsCellViewModel.swift */,
				FCC2E3C82A5B0D7F002067B9 /* RMSettingsOption.swift */,
			);
			path = Settings;
			sourceTree = "<group>";
		};
		FCC2E3CA2A5B14E5002067B9 /* SwiftUI */ = {
			isa = PBXGroup;
			children = (
				FCC2E3CB2A5B14F9002067B9 /* RMSettingsView.swift */,
			);
			path = SwiftUI;
			sourceTree = "<group>";
		};
		FCDB7A032A5D9539007C7354 /* Search */ = {
			isa = PBXGroup;
			children = (
				FCDB7A042A5D954C007C7354 /* RMSearchView.swift */,
				FCDB7A082A5D9723007C7354 /* RMNoSearchResultsView.swift */,
				FCDB7A0D2A5D978C007C7354 /* RMSearchInputView.swift */,
			);
			path = Search;
			sourceTree = "<group>";
		};
		FCDB7A0A2A5D972B007C7354 /* Search */ = {
			isa = PBXGroup;
			children = (
				FCDB7A062A5D95E3007C7354 /* RMSearchViewViewModel.swift */,
				FCDB7A0B2A5D9745007C7354 /* RMNoSearchResultsViewViewModel.swift */,
				FCDB7A0F2A5D979B007C7354 /* RMSearchInputViewViewModel.swift */,
			);
			path = Search;
			sourceTree = "<group>";
		};
		FCDB7A132A5DC560007C7354 /* Search */ = {
			isa = PBXGroup;
			children = (
				FC60D6242A585597000F7208 /* RMSearchViewController.swift */,
				FCDB7A112A5DC3E7007C7354 /* RMSearchOptionPickerViewController.swift */,
			);
			path = Search;
			sourceTree = "<group>";
		};
		FCFB85002A53005900A4BA27 /* DataTypes */ = {
			isa = PBXGroup;
			children = (
				FC70CBFB2A51D7BA008D8272 /* RMLocation.swift */,
				FC70CBFD2A51D7E0008D8272 /* RMCharacter.swift */,
				FC70CBFF2A51D7E7008D8272 /* RMEpisode.swift */,
				FC4A61EE2A51E5CA00A2AA9D /* RMOrigin.swift */,
				FC4A61F02A51E63800A2AA9D /* RMSingleLocation.swift */,
				FC4A61F22A51E6F900A2AA9D /* RMCharacterStatus.swift */,
				FC4A61F42A51E71F00A2AA9D /* RMCharacterGender.swift */,
			);
			path = DataTypes;
			sourceTree = "<group>";
		};
		FCFB85012A53006800A4BA27 /* APIResponseTypes */ = {
			isa = PBXGroup;
			children = (
				FCFB85022A53008500A4BA27 /* RMGetAllCharactersResponse.swift */,
				FC60D6222A5849CA000F7208 /* RMGetAllEpisodesResponse.swift */,
				FC7A18192A5C4989008C3B04 /* RMGetAllLocationsResponse.swift */,
			);
			path = APIResponseTypes;
			sourceTree = "<group>";
		};
		FCFB850E2A533C4100A4BA27 /* Other */ = {
			isa = PBXGroup;
			children = (
				FCDB7A132A5DC560007C7354 /* Search */,
				FCFB850F2A533C6100A4BA27 /* RMCharacterDetailViewController.swift */,
				FC8362E12A573FBC007B5076 /* RMEpisodeDetailViewController.swift */,
				FC7A181F2A5C837F008C3B04 /* RMLocationDetailViewController.swift */,
			);
			path = Other;
			sourceTree = "<group>";
		};
/* End PBXGroup section */

/* Begin PBXNativeTarget section */
		FC70CBDC2A51D617008D8272 /* RickAndMorty */ = {
			isa = PBXNativeTarget;
			buildConfigurationList = FC70CBF12A51D617008D8272 /* Build configuration list for PBXNativeTarget "RickAndMorty" */;
			buildPhases = (
				FC70CBD92A51D617008D8272 /* Sources */,
				FC70CBDA2A51D617008D8272 /* Frameworks */,
				FC70CBDB2A51D617008D8272 /* Resources */,
			);
			buildRules = (
			);
			dependencies = (
			);
			name = RickAndMorty;
			packageProductDependencies = (
			);
			productName = RickAndMorty;
			productReference = FC70CBDD2A51D617008D8272 /* RickAndMorty.app */;
			productType = "com.apple.product-type.application";
		};
/* End PBXNativeTarget section */

/* Begin PBXProject section */
		FC70CBD52A51D617008D8272 /* Project object */ = {
			isa = PBXProject;
			attributes = {
				BuildIndependentTargetsInParallel = 1;
				LastSwiftUpdateCheck = 1500;
				LastUpgradeCheck = 1500;
				TargetAttributes = {
					FC70CBDC2A51D617008D8272 = {
						CreatedOnToolsVersion = 15.0;
					};
				};
			};
			buildConfigurationList = FC70CBD82A51D617008D8272 /* Build configuration list for PBXProject "RickAndMorty" */;
			compatibilityVersion = "Xcode 14.0";
			developmentRegion = en;
			hasScannedForEncodings = 0;
			knownRegions = (
				en,
				Base,
			);
			mainGroup = FC70CBD42A51D617008D8272;
			packageReferences = (
			);
			productRefGroup = FC70CBDE2A51D617008D8272 /* Products */;
			projectDirPath = "";
			projectRoot = "";
			targets = (
				FC70CBDC2A51D617008D8272 /* RickAndMorty */,
			);
		};
/* End PBXProject section */

/* Begin PBXResourcesBuildPhase section */
		FC70CBDB2A51D617008D8272 /* Resources */ = {
			isa = PBXResourcesBuildPhase;
			buildActionMask = 2147483647;
			files = (
				FC70CBED2A51D617008D8272 /* LaunchScreen.storyboard in Resources */,
				FC70CBEA2A51D617008D8272 /* Assets.xcassets in Resources */,
			);
			runOnlyForDeploymentPostprocessing = 0;
		};
/* End PBXResourcesBuildPhase section */

/* Begin PBXSourcesBuildPhase section */
		FC70CBD92A51D617008D8272 /* Sources */ = {
			isa = PBXSourcesBuildPhase;
			buildActionMask = 2147483647;
			files = (
				FC4A61EF2A51E5CA00A2AA9D /* RMOrigin.swift in Sources */,
				FCFB85142A533CEF00A4BA27 /* RMCharacterDetailViewViewModel.swift in Sources */,
				FC4A61F12A51E63800A2AA9D /* RMSingleLocation.swift in Sources */,
				FC60D6252A585597000F7208 /* RMSearchViewController.swift in Sources */,
				FCDB7A072A5D95E3007C7354 /* RMSearchViewViewModel.swift in Sources */,
				FCFB85072A53044400A4BA27 /* RMCharacterListView.swift in Sources */,
				FCDB7A0C2A5D9745007C7354 /* RMNoSearchResultsViewViewModel.swift in Sources */,
				FCFB85032A53008500A4BA27 /* RMGetAllCharactersResponse.swift in Sources */,
				FC4A61F32A51E6F900A2AA9D /* RMCharacterStatus.swift in Sources */,
				FC4A61F52A51E71F00A2AA9D /* RMCharacterGender.swift in Sources */,
				FC7A18252A5C857C008C3B04 /* RMLocationDetailViewViewModel.swift in Sources */,
				FCFB85102A533C6100A4BA27 /* RMCharacterDetailViewController.swift in Sources */,
				FCDB7A092A5D9723007C7354 /* RMNoSearchResultsView.swift in Sources */,
				FCC40A302A537FAE00DF10EC /* RMFooterLoadingCollectionReusableView.swift in Sources */,
				FC60D61F2A584689000F7208 /* RMEpisodeListView.swift in Sources */,
				FC70CC052A51D852008D8272 /* RMLocationViewController.swift in Sources */,
				FC70CC002A51D7E7008D8272 /* RMEpisode.swift in Sources */,
				FC7A181A2A5C4989008C3B04 /* RMGetAllLocationsResponse.swift in Sources */,
				FC1FE2802A55E840008C067C /* RMCharacterInfoCollectionViewCell.swift in Sources */,
				FC7A181C2A5C4A80008C3B04 /* RMLocationTableViewCell.swift in Sources */,
				FCC2E3C52A5B0CE9002067B9 /* RMSettingsViewViewModel.swift in Sources */,
				FC70CBE52A51D617008D8272 /* RMTabBarController.swift in Sources */,
				FCFB850B2A53126600A4BA27 /* RMCharacterCollectionViewCell.swift in Sources */,
				FC1FE2872A55E8DD008C067C /* RMCharacterInfoCollectionViewCellViewModel.swift in Sources */,
				FCDB7A102A5D979B007C7354 /* RMSearchInputViewViewModel.swift in Sources */,
				FCC2E3C92A5B0D7F002067B9 /* RMSettingsOption.swift in Sources */,
				FC70CC072A51D85B008D8272 /* RMEpisodeViewController.swift in Sources */,
				FC70CC032A51D844008D8272 /* RMCharacterViewController.swift in Sources */,
				FC7A18202A5C837F008C3B04 /* RMLocationDetailViewController.swift in Sources */,
				FC70CBE12A51D617008D8272 /* AppDelegate.swift in Sources */,
				FC70CC092A51D866008D8272 /* RMSettingsViewController.swift in Sources */,
				FC1FE2852A55E898008C067C /* RMCharacterPhotoCollectionViewCellViewModel.swift in Sources */,
				FC1FE2892A55E8EC008C067C /* RMCharacterEpisodeCollectionViewCellViewModel.swift in Sources */,
				FCC2E3C72A5B0D21002067B9 /* RMSettingsCellViewModel.swift in Sources */,
				FCC2E3CC2A5B14F9002067B9 /* RMSettingsView.swift in Sources */,
				FCDB7A052A5D954C007C7354 /* RMSearchView.swift in Sources */,
				FC1FE27E2A55E835008C067C /* RMCharacterPhotoCollectionViewCell.swift in Sources */,
				FCFB85092A5308B000A4BA27 /* Extensions.swift in Sources */,
				FCDB7A0E2A5D978C007C7354 /* RMSearchInputView.swift in Sources */,
				FC4A61E92A51DEC100A2AA9D /* RMService.swift in Sources */,
				FC70CBFC2A51D7BA008D8272 /* RMLocation.swift in Sources */,
				FC4A61ED2A51DF4C00A2AA9D /* RMEndpoint.swift in Sources */,
				FC70CBE32A51D617008D8272 /* SceneDelegate.swift in Sources */,
				FC8362E22A573FBC007B5076 /* RMEpisodeDetailViewController.swift in Sources */,
				FC8362E82A5745C5007B5076 /* RMEpisodeDetailView.swift in Sources */,
				FC7A18232A5C84E7008C3B04 /* RMLocationDetailView.swift in Sources */,
				FCDB7A122A5DC3E7007C7354 /* RMSearchOptionPickerViewController.swift in Sources */,
				FC7A181E2A5C4AE0008C3B04 /* RMLocationTableViewCellViewModel.swift in Sources */,
				FCFB850D2A53134500A4BA27 /* RMCharacterCollectionViewCellViewModel.swift in Sources */,
				FC552E5A2A545CBF006EA4EE /* RMImageLoader.swift in Sources */,
				FC4A61EB2A51DED000A2AA9D /* RMRequest.swift in Sources */,
				FCFB85052A5303E600A4BA27 /* RMCharacterListViewViewModel.swift in Sources */,
				FC1FE2822A55E850008C067C /* RMCharacterEpisodeCollectionViewCell.swift in Sources */,
				FC70CBFE2A51D7E0008D8272 /* RMCharacter.swift in Sources */,
				FC7A18152A5C443C008C3B04 /* RMLocationView.swift in Sources */,
				FC60D6212A584817000F7208 /* RMEpisodeListViewViewModel.swift in Sources */,
				FC8362E42A574251007B5076 /* RMAPICacheManager.swift in Sources */,
				FC60D6232A5849CA000F7208 /* RMGetAllEpisodesResponse.swift in Sources */,
				FC60D62B2A59B92A000F7208 /* RMEpisodeInfoCollectionViewCellViewModel.swift in Sources */,
				FC60D6282A59B8FD000F7208 /* RMEpisodeInfoCollectionViewCell.swift in Sources */,
				FC8362E62A5745A2007B5076 /* RMEpisodeDetailViewViewModel.swift in Sources */,
				FCFB85122A533CD800A4BA27 /* RMCharacterDetailView.swift in Sources */,
				FC7A18182A5C4667008C3B04 /* RMLocationViewViewModel.swift in Sources */,
			);
			runOnlyForDeploymentPostprocessing = 0;
		};
/* End PBXSourcesBuildPhase section */

/* Begin PBXVariantGroup section */
		FC70CBEB2A51D617008D8272 /* LaunchScreen.storyboard */ = {
			isa = PBXVariantGroup;
			children = (
				FC70CBEC2A51D617008D8272 /* Base */,
			);
			name = LaunchScreen.storyboard;
			sourceTree = "<group>";
		};
/* End PBXVariantGroup section */

/* Begin XCBuildConfiguration section */
		FC70CBEF2A51D617008D8272 /* Debug */ = {
			isa = XCBuildConfiguration;
			buildSettings = {
				ALWAYS_SEARCH_USER_PATHS = NO;
				ASSETCATALOG_COMPILER_GENERATE_SWIFT_ASSET_SYMBOL_EXTENSIONS = YES;
				CLANG_ANALYZER_NONNULL = YES;
				CLANG_ANALYZER_NUMBER_OBJECT_CONVERSION = YES_AGGRESSIVE;
				CLANG_CXX_LANGUAGE_STANDARD = "gnu++20";
				CLANG_ENABLE_MODULES = YES;
				CLANG_ENABLE_OBJC_ARC = YES;
				CLANG_ENABLE_OBJC_WEAK = YES;
				CLANG_WARN_BLOCK_CAPTURE_AUTORELEASING = YES;
				CLANG_WARN_BOOL_CONVERSION = YES;
				CLANG_WARN_COMMA = YES;
				CLANG_WARN_CONSTANT_CONVERSION = YES;
				CLANG_WARN_DEPRECATED_OBJC_IMPLEMENTATIONS = YES;
				CLANG_WARN_DIRECT_OBJC_ISA_USAGE = YES_ERROR;
				CLANG_WARN_DOCUMENTATION_COMMENTS = YES;
				CLANG_WARN_EMPTY_BODY = YES;
				CLANG_WARN_ENUM_CONVERSION = YES;
				CLANG_WARN_INFINITE_RECURSION = YES;
				CLANG_WARN_INT_CONVERSION = YES;
				CLANG_WARN_NON_LITERAL_NULL_CONVERSION = YES;
				CLANG_WARN_OBJC_IMPLICIT_RETAIN_SELF = YES;
				CLANG_WARN_OBJC_LITERAL_CONVERSION = YES;
				CLANG_WARN_OBJC_ROOT_CLASS = YES_ERROR;
				CLANG_WARN_QUOTED_INCLUDE_IN_FRAMEWORK_HEADER = YES;
				CLANG_WARN_RANGE_LOOP_ANALYSIS = YES;
				CLANG_WARN_STRICT_PROTOTYPES = YES;
				CLANG_WARN_SUSPICIOUS_MOVE = YES;
				CLANG_WARN_UNGUARDED_AVAILABILITY = YES_AGGRESSIVE;
				CLANG_WARN_UNREACHABLE_CODE = YES;
				CLANG_WARN__DUPLICATE_METHOD_MATCH = YES;
				COPY_PHASE_STRIP = NO;
				DEBUG_INFORMATION_FORMAT = dwarf;
				ENABLE_STRICT_OBJC_MSGSEND = YES;
				ENABLE_TESTABILITY = YES;
				ENABLE_USER_SCRIPT_SANDBOXING = YES;
				GCC_C_LANGUAGE_STANDARD = gnu17;
				GCC_DYNAMIC_NO_PIC = NO;
				GCC_NO_COMMON_BLOCKS = YES;
				GCC_OPTIMIZATION_LEVEL = 0;
				GCC_PREPROCESSOR_DEFINITIONS = (
					"DEBUG=1",
					"$(inherited)",
				);
				GCC_WARN_64_TO_32_BIT_CONVERSION = YES;
				GCC_WARN_ABOUT_RETURN_TYPE = YES_ERROR;
				GCC_WARN_UNDECLARED_SELECTOR = YES;
				GCC_WARN_UNINITIALIZED_AUTOS = YES_AGGRESSIVE;
				GCC_WARN_UNUSED_FUNCTION = YES;
				GCC_WARN_UNUSED_VARIABLE = YES;
				IPHONEOS_DEPLOYMENT_TARGET = 13.0;
				LOCALIZATION_PREFERS_STRING_CATALOGS = YES;
				MTL_ENABLE_DEBUG_INFO = INCLUDE_SOURCE;
				MTL_FAST_MATH = YES;
				ONLY_ACTIVE_ARCH = YES;
				SDKROOT = iphoneos;
				SWIFT_ACTIVE_COMPILATION_CONDITIONS = "DEBUG $(inherited)";
				SWIFT_OPTIMIZATION_LEVEL = "-Onone";
			};
			name = Debug;
		};
		FC70CBF02A51D617008D8272 /* Release */ = {
			isa = XCBuildConfiguration;
			buildSettings = {
				ALWAYS_SEARCH_USER_PATHS = NO;
				ASSETCATALOG_COMPILER_GENERATE_SWIFT_ASSET_SYMBOL_EXTENSIONS = YES;
				CLANG_ANALYZER_NONNULL = YES;
				CLANG_ANALYZER_NUMBER_OBJECT_CONVERSION = YES_AGGRESSIVE;
				CLANG_CXX_LANGUAGE_STANDARD = "gnu++20";
				CLANG_ENABLE_MODULES = YES;
				CLANG_ENABLE_OBJC_ARC = YES;
				CLANG_ENABLE_OBJC_WEAK = YES;
				CLANG_WARN_BLOCK_CAPTURE_AUTORELEASING = YES;
				CLANG_WARN_BOOL_CONVERSION = YES;
				CLANG_WARN_COMMA = YES;
				CLANG_WARN_CONSTANT_CONVERSION = YES;
				CLANG_WARN_DEPRECATED_OBJC_IMPLEMENTATIONS = YES;
				CLANG_WARN_DIRECT_OBJC_ISA_USAGE = YES_ERROR;
				CLANG_WARN_DOCUMENTATION_COMMENTS = YES;
				CLANG_WARN_EMPTY_BODY = YES;
				CLANG_WARN_ENUM_CONVERSION = YES;
				CLANG_WARN_INFINITE_RECURSION = YES;
				CLANG_WARN_INT_CONVERSION = YES;
				CLANG_WARN_NON_LITERAL_NULL_CONVERSION = YES;
				CLANG_WARN_OBJC_IMPLICIT_RETAIN_SELF = YES;
				CLANG_WARN_OBJC_LITERAL_CONVERSION = YES;
				CLANG_WARN_OBJC_ROOT_CLASS = YES_ERROR;
				CLANG_WARN_QUOTED_INCLUDE_IN_FRAMEWORK_HEADER = YES;
				CLANG_WARN_RANGE_LOOP_ANALYSIS = YES;
				CLANG_WARN_STRICT_PROTOTYPES = YES;
				CLANG_WARN_SUSPICIOUS_MOVE = YES;
				CLANG_WARN_UNGUARDED_AVAILABILITY = YES_AGGRESSIVE;
				CLANG_WARN_UNREACHABLE_CODE = YES;
				CLANG_WARN__DUPLICATE_METHOD_MATCH = YES;
				COPY_PHASE_STRIP = NO;
				DEBUG_INFORMATION_FORMAT = "dwarf-with-dsym";
				ENABLE_NS_ASSERTIONS = NO;
				ENABLE_STRICT_OBJC_MSGSEND = YES;
				ENABLE_USER_SCRIPT_SANDBOXING = YES;
				GCC_C_LANGUAGE_STANDARD = gnu17;
				GCC_NO_COMMON_BLOCKS = YES;
				GCC_WARN_64_TO_32_BIT_CONVERSION = YES;
				GCC_WARN_ABOUT_RETURN_TYPE = YES_ERROR;
				GCC_WARN_UNDECLARED_SELECTOR = YES;
				GCC_WARN_UNINITIALIZED_AUTOS = YES_AGGRESSIVE;
				GCC_WARN_UNUSED_FUNCTION = YES;
				GCC_WARN_UNUSED_VARIABLE = YES;
				IPHONEOS_DEPLOYMENT_TARGET = 13.0;
				LOCALIZATION_PREFERS_STRING_CATALOGS = YES;
				MTL_ENABLE_DEBUG_INFO = NO;
				MTL_FAST_MATH = YES;
				SDKROOT = iphoneos;
				SWIFT_COMPILATION_MODE = wholemodule;
				VALIDATE_PRODUCT = YES;
			};
			name = Release;
		};
		FC70CBF22A51D617008D8272 /* Debug */ = {
			isa = XCBuildConfiguration;
			buildSettings = {
				ASSETCATALOG_COMPILER_APPICON_NAME = AppIcon;
				ASSETCATALOG_COMPILER_GLOBAL_ACCENT_COLOR_NAME = AccentColor;
				CODE_SIGN_STYLE = Automatic;
				CURRENT_PROJECT_VERSION = 1;
				DEVELOPMENT_TEAM = YGSQ22Y77T;
				GENERATE_INFOPLIST_FILE = YES;
				INFOPLIST_FILE = RickAndMorty/Info.plist;
				INFOPLIST_KEY_CFBundleDisplayName = "Rick&Morty";
				INFOPLIST_KEY_LSApplicationCategoryType = "public.app-category.entertainment";
				INFOPLIST_KEY_UIApplicationSupportsIndirectInputEvents = YES;
				INFOPLIST_KEY_UILaunchStoryboardName = LaunchScreen;
				INFOPLIST_KEY_UISupportedInterfaceOrientations_iPad = "UIInterfaceOrientationPortrait UIInterfaceOrientationPortraitUpsideDown UIInterfaceOrientationLandscapeLeft UIInterfaceOrientationLandscapeRight";
				INFOPLIST_KEY_UISupportedInterfaceOrientations_iPhone = "UIInterfaceOrientationPortrait UIInterfaceOrientationLandscapeLeft UIInterfaceOrientationLandscapeRight";
				IPHONEOS_DEPLOYMENT_TARGET = 13.0;
				LD_RUNPATH_SEARCH_PATHS = (
					"$(inherited)",
					"@executable_path/Frameworks",
				);
				MARKETING_VERSION = 1.0;
				PRODUCT_BUNDLE_IDENTIFIER = br.com.roveridev.RickAndMorty;
				PRODUCT_NAME = "$(TARGET_NAME)";
				SWIFT_EMIT_LOC_STRINGS = YES;
				SWIFT_VERSION = 5.0;
				TARGETED_DEVICE_FAMILY = "1,2";
			};
			name = Debug;
		};
		FC70CBF32A51D617008D8272 /* Release */ = {
			isa = XCBuildConfiguration;
			buildSettings = {
				ASSETCATALOG_COMPILER_APPICON_NAME = AppIcon;
				ASSETCATALOG_COMPILER_GLOBAL_ACCENT_COLOR_NAME = AccentColor;
				CODE_SIGN_STYLE = Automatic;
				CURRENT_PROJECT_VERSION = 1;
				DEVELOPMENT_TEAM = YGSQ22Y77T;
				GENERATE_INFOPLIST_FILE = YES;
				INFOPLIST_FILE = RickAndMorty/Info.plist;
				INFOPLIST_KEY_CFBundleDisplayName = "Rick&Morty";
				INFOPLIST_KEY_LSApplicationCategoryType = "public.app-category.entertainment";
				INFOPLIST_KEY_UIApplicationSupportsIndirectInputEvents = YES;
				INFOPLIST_KEY_UILaunchStoryboardName = LaunchScreen;
				INFOPLIST_KEY_UISupportedInterfaceOrientations_iPad = "UIInterfaceOrientationPortrait UIInterfaceOrientationPortraitUpsideDown UIInterfaceOrientationLandscapeLeft UIInterfaceOrientationLandscapeRight";
				INFOPLIST_KEY_UISupportedInterfaceOrientations_iPhone = "UIInterfaceOrientationPortrait UIInterfaceOrientationLandscapeLeft UIInterfaceOrientationLandscapeRight";
				IPHONEOS_DEPLOYMENT_TARGET = 13.0;
				LD_RUNPATH_SEARCH_PATHS = (
					"$(inherited)",
					"@executable_path/Frameworks",
				);
				MARKETING_VERSION = 1.0;
				PRODUCT_BUNDLE_IDENTIFIER = br.com.roveridev.RickAndMorty;
				PRODUCT_NAME = "$(TARGET_NAME)";
				SWIFT_EMIT_LOC_STRINGS = YES;
				SWIFT_VERSION = 5.0;
				TARGETED_DEVICE_FAMILY = "1,2";
			};
			name = Release;
		};
/* End XCBuildConfiguration section */

/* Begin XCConfigurationList section */
		FC70CBD82A51D617008D8272 /* Build configuration list for PBXProject "RickAndMorty" */ = {
			isa = XCConfigurationList;
			buildConfigurations = (
				FC70CBEF2A51D617008D8272 /* Debug */,
				FC70CBF02A51D617008D8272 /* Release */,
			);
			defaultConfigurationIsVisible = 0;
			defaultConfigurationName = Release;
		};
		FC70CBF12A51D617008D8272 /* Build configuration list for PBXNativeTarget "RickAndMorty" */ = {
			isa = XCConfigurationList;
			buildConfigurations = (
				FC70CBF22A51D617008D8272 /* Debug */,
				FC70CBF32A51D617008D8272 /* Release */,
			);
			defaultConfigurationIsVisible = 0;
			defaultConfigurationName = Release;
		};
/* End XCConfigurationList section */
	};
	rootObject = FC70CBD52A51D617008D8272 /* Project object */;
}
