// !$*UTF8*$!
{
	archiveVersion = 1;
	classes = {
	};
	objectVersion = 56;
	objects = {

/* Begin PBXBuildFile section */
		FC70CBE12A51D617008D8272 /* AppDelegate.swift in Sources */ = {isa = PBXBuildFile; fileRef = FC70CBE02A51D617008D8272 /* AppDelegate.swift */; };
		FC70CBE32A51D617008D8272 /* SceneDelegate.swift in Sources */ = {isa = PBXBuildFile; fileRef = FC70CBE22A51D617008D8272 /* SceneDelegate.swift */; };
		FC70CBE52A51D617008D8272 /* RMTabBarController.swift in Sources */ = {isa = PBXBuildFile; fileRef = FC70CBE42A51D617008D8272 /* RMTabBarController.swift */; };
		FC70CBEA2A51D617008D8272 /* Assets.xcassets in Resources */ = {isa = PBXBuildFile; fileRef = FC70CBE92A51D617008D8272 /* Assets.xcassets */; };
		FC70CBED2A51D617008D8272 /* LaunchScreen.storyboard in Resources */ = {isa = PBXBuildFile; fileRef = FC70CBEB2A51D617008D8272 /* LaunchScreen.storyboard */; };
		FC70CBFC2A51D7BA008D8272 /* RMLocation.swift in Sources */ = {isa = PBXBuildFile; fileRef = FC70CBFB2A51D7BA008D8272 /* RMLocation.swift */; };
		FC70CBFE2A51D7E0008D8272 /* RMCharacter.swift in Sources */ = {isa = PBXBuildFile; fileRef = FC70CBFD2A51D7E0008D8272 /* RMCharacter.swift */; };
		FC70CC002A51D7E7008D8272 /* RMEpisode.swift in Sources */ = {isa = PBXBuildFile; fileRef = FC70CBFF2A51D7E7008D8272 /* RMEpisode.swift */; };
		FC70CC032A51D844008D8272 /* RMCharacterViewController.swift in Sources */ = {isa = PBXBuildFile; fileRef = FC70CC022A51D844008D8272 /* RMCharacterViewController.swift */; };
		FC70CC052A51D852008D8272 /* RMLocationViewController.swift in Sources */ = {isa = PBXBuildFile; fileRef = FC70CC042A51D852008D8272 /* RMLocationViewController.swift */; };
		FC70CC072A51D85B008D8272 /* RMEpisodeViewController.swift in Sources */ = {isa = PBXBuildFile; fileRef = FC70CC062A51D85B008D8272 /* RMEpisodeViewController.swift */; };
		FC70CC092A51D866008D8272 /* RMSettingsViewController.swift in Sources */ = {isa = PBXBuildFile; fileRef = FC70CC082A51D866008D8272 /* RMSettingsViewController.swift */; };
/* End PBXBuildFile section */

/* Begin PBXFileReference section */
		FC70CBDD2A51D617008D8272 /* RickAndMorty.app */ = {isa = PBXFileReference; explicitFileType = wrapper.application; includeInIndex = 0; path = RickAndMorty.app; sourceTree = BUILT_PRODUCTS_DIR; };
		FC70CBE02A51D617008D8272 /* AppDelegate.swift */ = {isa = PBXFileReference; lastKnownFileType = sourcecode.swift; path = AppDelegate.swift; sourceTree = "<group>"; };
		FC70CBE22A51D617008D8272 /* SceneDelegate.swift */ = {isa = PBXFileReference; lastKnownFileType = sourcecode.swift; path = SceneDelegate.swift; sourceTree = "<group>"; };
		FC70CBE42A51D617008D8272 /* RMTabBarController.swift */ = {isa = PBXFileReference; lastKnownFileType = sourcecode.swift; path = RMTabBarController.swift; sourceTree = "<group>"; };
		FC70CBE92A51D617008D8272 /* Assets.xcassets */ = {isa = PBXFileReference; lastKnownFileType = folder.assetcatalog; path = Assets.xcassets; sourceTree = "<group>"; };
		FC70CBEC2A51D617008D8272 /* Base */ = {isa = PBXFileReference; lastKnownFileType = file.storyboard; name = Base; path = Base.lproj/LaunchScreen.storyboard; sourceTree = "<group>"; };
		FC70CBEE2A51D617008D8272 /* Info.plist */ = {isa = PBXFileReference; lastKnownFileType = text.plist.xml; path = Info.plist; sourceTree = "<group>"; };
		FC70CBFB2A51D7BA008D8272 /* RMLocation.swift */ = {isa = PBXFileReference; lastKnownFileType = sourcecode.swift; path = RMLocation.swift; sourceTree = "<group>"; };
		FC70CBFD2A51D7E0008D8272 /* RMCharacter.swift */ = {isa = PBXFileReference; lastKnownFileType = sourcecode.swift; path = RMCharacter.swift; sourceTree = "<group>"; };
		FC70CBFF2A51D7E7008D8272 /* RMEpisode.swift */ = {isa = PBXFileReference; lastKnownFileType = sourcecode.swift; path = RMEpisode.swift; sourceTree = "<group>"; };
		FC70CC022A51D844008D8272 /* RMCharacterViewController.swift */ = {isa = PBXFileReference; lastKnownFileType = sourcecode.swift; path = RMCharacterViewController.swift; sourceTree = "<group>"; };
		FC70CC042A51D852008D8272 /* RMLocationViewController.swift */ = {isa = PBXFileReference; lastKnownFileType = sourcecode.swift; path = RMLocationViewController.swift; sourceTree = "<group>"; };
		FC70CC062A51D85B008D8272 /* RMEpisodeViewController.swift */ = {isa = PBXFileReference; lastKnownFileType = sourcecode.swift; path = RMEpisodeViewController.swift; sourceTree = "<group>"; };
		FC70CC082A51D866008D8272 /* RMSettingsViewController.swift */ = {isa = PBXFileReference; lastKnownFileType = sourcecode.swift; path = RMSettingsViewController.swift; sourceTree = "<group>"; };
/* End PBXFileReference section */

/* Begin PBXFrameworksBuildPhase section */
		FC70CBDA2A51D617008D8272 /* Frameworks */ = {
			isa = PBXFrameworksBuildPhase;
			buildActionMask = 2147483647;
			files = (
			);
			runOnlyForDeploymentPostprocessing = 0;
		};
/* End PBXFrameworksBuildPhase section */

/* Begin PBXGroup section */
		FC70CBD42A51D617008D8272 = {
			isa = PBXGroup;
			children = (
				FC70CBDF2A51D617008D8272 /* RickAndMorty */,
				FC70CBDE2A51D617008D8272 /* Products */,
			);
			sourceTree = "<group>";
		};
		FC70CBDE2A51D617008D8272 /* Products */ = {
			isa = PBXGroup;
			children = (
				FC70CBDD2A51D617008D8272 /* RickAndMorty.app */,
			);
			name = Products;
			sourceTree = "<group>";
		};
		FC70CBDF2A51D617008D8272 /* RickAndMorty */ = {
			isa = PBXGroup;
			children = (
				FC70CBFA2A51D76A008D8272 /* Resources */,
				FC70CBF92A51D763008D8272 /* Managers */,
				FC70CBF82A51D758008D8272 /* APIClients */,
				FC70CBF72A51D749008D8272 /* ViewModels */,
				FC70CBF62A51D743008D8272 /* Views */,
				FC70CBF52A51D73D008D8272 /* Models */,
				FC70CBF42A51D730008D8272 /* Controllers */,
				FC70CBEE2A51D617008D8272 /* Info.plist */,
			);
			path = RickAndMorty;
			sourceTree = "<group>";
		};
		FC70CBF42A51D730008D8272 /* Controllers */ = {
			isa = PBXGroup;
			children = (
				FC70CC012A51D824008D8272 /* Core */,
			);
			path = Controllers;
			sourceTree = "<group>";
		};
		FC70CBF52A51D73D008D8272 /* Models */ = {
			isa = PBXGroup;
			children = (
				FC70CBFB2A51D7BA008D8272 /* RMLocation.swift */,
				FC70CBFD2A51D7E0008D8272 /* RMCharacter.swift */,
				FC70CBFF2A51D7E7008D8272 /* RMEpisode.swift */,
			);
			path = Models;
			sourceTree = "<group>";
		};
		FC70CBF62A51D743008D8272 /* Views */ = {
			isa = PBXGroup;
			children = (
			);
			path = Views;
			sourceTree = "<group>";
		};
		FC70CBF72A51D749008D8272 /* ViewModels */ = {
			isa = PBXGroup;
			children = (
			);
			path = ViewModels;
			sourceTree = "<group>";
		};
		FC70CBF82A51D758008D8272 /* APIClients */ = {
			isa = PBXGroup;
			children = (
			);
			path = APIClients;
			sourceTree = "<group>";
		};
		FC70CBF92A51D763008D8272 /* Managers */ = {
			isa = PBXGroup;
			children = (
			);
			path = Managers;
			sourceTree = "<group>";
		};
		FC70CBFA2A51D76A008D8272 /* Resources */ = {
			isa = PBXGroup;
			children = (
				FC70CBE92A51D617008D8272 /* Assets.xcassets */,
				FC70CBEB2A51D617008D8272 /* LaunchScreen.storyboard */,
				FC70CBE02A51D617008D8272 /* AppDelegate.swift */,
				FC70CBE22A51D617008D8272 /* SceneDelegate.swift */,
			);
			path = Resources;
			sourceTree = "<group>";
		};
		FC70CC012A51D824008D8272 /* Core */ = {
			isa = PBXGroup;
			children = (
				FC70CBE42A51D617008D8272 /* RMTabBarController.swift */,
				FC70CC022A51D844008D8272 /* RMCharacterViewController.swift */,
				FC70CC042A51D852008D8272 /* RMLocationViewController.swift */,
				FC70CC062A51D85B008D8272 /* RMEpisodeViewController.swift */,
				FC70CC082A51D866008D8272 /* RMSettingsViewController.swift */,
			);
			path = Core;
			sourceTree = "<group>";
		};
/* End PBXGroup section */

/* Begin PBXNativeTarget section */
		FC70CBDC2A51D617008D8272 /* RickAndMorty */ = {
			isa = PBXNativeTarget;
			buildConfigurationList = FC70CBF12A51D617008D8272 /* Build configuration list for PBXNativeTarget "RickAndMorty" */;
			buildPhases = (
				FC70CBD92A51D617008D8272 /* Sources */,
				FC70CBDA2A51D617008D8272 /* Frameworks */,
				FC70CBDB2A51D617008D8272 /* Resources */,
			);
			buildRules = (
			);
			dependencies = (
			);
			name = RickAndMorty;
			productName = RickAndMorty;
			productReference = FC70CBDD2A51D617008D8272 /* RickAndMorty.app */;
			productType = "com.apple.product-type.application";
		};
/* End PBXNativeTarget section */

/* Begin PBXProject section */
		FC70CBD52A51D617008D8272 /* Project object */ = {
			isa = PBXProject;
			attributes = {
				BuildIndependentTargetsInParallel = 1;
				LastSwiftUpdateCheck = 1500;
				LastUpgradeCheck = 1500;
				TargetAttributes = {
					FC70CBDC2A51D617008D8272 = {
						CreatedOnToolsVersion = 15.0;
					};
				};
			};
			buildConfigurationList = FC70CBD82A51D617008D8272 /* Build configuration list for PBXProject "RickAndMorty" */;
			compatibilityVersion = "Xcode 14.0";
			developmentRegion = en;
			hasScannedForEncodings = 0;
			knownRegions = (
				en,
				Base,
			);
			mainGroup = FC70CBD42A51D617008D8272;
			productRefGroup = FC70CBDE2A51D617008D8272 /* Products */;
			projectDirPath = "";
			projectRoot = "";
			targets = (
				FC70CBDC2A51D617008D8272 /* RickAndMorty */,
			);
		};
/* End PBXProject section */

/* Begin PBXResourcesBuildPhase section */
		FC70CBDB2A51D617008D8272 /* Resources */ = {
			isa = PBXResourcesBuildPhase;
			buildActionMask = 2147483647;
			files = (
				FC70CBED2A51D617008D8272 /* LaunchScreen.storyboard in Resources */,
				FC70CBEA2A51D617008D8272 /* Assets.xcassets in Resources */,
			);
			runOnlyForDeploymentPostprocessing = 0;
		};
/* End PBXResourcesBuildPhase section */

/* Begin PBXSourcesBuildPhase section */
		FC70CBD92A51D617008D8272 /* Sources */ = {
			isa = PBXSourcesBuildPhase;
			buildActionMask = 2147483647;
			files = (
				FC70CC052A51D852008D8272 /* RMLocationViewController.swift in Sources */,
				FC70CC002A51D7E7008D8272 /* RMEpisode.swift in Sources */,
				FC70CBE52A51D617008D8272 /* RMTabBarController.swift in Sources */,
				FC70CC072A51D85B008D8272 /* RMEpisodeViewController.swift in Sources */,
				FC70CC032A51D844008D8272 /* RMCharacterViewController.swift in Sources */,
				FC70CBE12A51D617008D8272 /* AppDelegate.swift in Sources */,
				FC70CC092A51D866008D8272 /* RMSettingsViewController.swift in Sources */,
				FC70CBFC2A51D7BA008D8272 /* RMLocation.swift in Sources */,
				FC70CBE32A51D617008D8272 /* SceneDelegate.swift in Sources */,
				FC70CBFE2A51D7E0008D8272 /* RMCharacter.swift in Sources */,
			);
			runOnlyForDeploymentPostprocessing = 0;
		};
/* End PBXSourcesBuildPhase section */

/* Begin PBXVariantGroup section */
		FC70CBEB2A51D617008D8272 /* LaunchScreen.storyboard */ = {
			isa = PBXVariantGroup;
			children = (
				FC70CBEC2A51D617008D8272 /* Base */,
			);
			name = LaunchScreen.storyboard;
			sourceTree = "<group>";
		};
/* End PBXVariantGroup section */

/* Begin XCBuildConfiguration section */
		FC70CBEF2A51D617008D8272 /* Debug */ = {
			isa = XCBuildConfiguration;
			buildSettings = {
				ALWAYS_SEARCH_USER_PATHS = NO;
				ASSETCATALOG_COMPILER_GENERATE_SWIFT_ASSET_SYMBOL_EXTENSIONS = YES;
				CLANG_ANALYZER_NONNULL = YES;
				CLANG_ANALYZER_NUMBER_OBJECT_CONVERSION = YES_AGGRESSIVE;
				CLANG_CXX_LANGUAGE_STANDARD = "gnu++20";
				CLANG_ENABLE_MODULES = YES;
				CLANG_ENABLE_OBJC_ARC = YES;
				CLANG_ENABLE_OBJC_WEAK = YES;
				CLANG_WARN_BLOCK_CAPTURE_AUTORELEASING = YES;
				CLANG_WARN_BOOL_CONVERSION = YES;
				CLANG_WARN_COMMA = YES;
				CLANG_WARN_CONSTANT_CONVERSION = YES;
				CLANG_WARN_DEPRECATED_OBJC_IMPLEMENTATIONS = YES;
				CLANG_WARN_DIRECT_OBJC_ISA_USAGE = YES_ERROR;
				CLANG_WARN_DOCUMENTATION_COMMENTS = YES;
				CLANG_WARN_EMPTY_BODY = YES;
				CLANG_WARN_ENUM_CONVERSION = YES;
				CLANG_WARN_INFINITE_RECURSION = YES;
				CLANG_WARN_INT_CONVERSION = YES;
				CLANG_WARN_NON_LITERAL_NULL_CONVERSION = YES;
				CLANG_WARN_OBJC_IMPLICIT_RETAIN_SELF = YES;
				CLANG_WARN_OBJC_LITERAL_CONVERSION = YES;
				CLANG_WARN_OBJC_ROOT_CLASS = YES_ERROR;
				CLANG_WARN_QUOTED_INCLUDE_IN_FRAMEWORK_HEADER = YES;
				CLANG_WARN_RANGE_LOOP_ANALYSIS = YES;
				CLANG_WARN_STRICT_PROTOTYPES = YES;
				CLANG_WARN_SUSPICIOUS_MOVE = YES;
				CLANG_WARN_UNGUARDED_AVAILABILITY = YES_AGGRESSIVE;
				CLANG_WARN_UNREACHABLE_CODE = YES;
				CLANG_WARN__DUPLICATE_METHOD_MATCH = YES;
				COPY_PHASE_STRIP = NO;
				DEBUG_INFORMATION_FORMAT = dwarf;
				ENABLE_STRICT_OBJC_MSGSEND = YES;
				ENABLE_TESTABILITY = YES;
				ENABLE_USER_SCRIPT_SANDBOXING = YES;
				GCC_C_LANGUAGE_STANDARD = gnu17;
				GCC_DYNAMIC_NO_PIC = NO;
				GCC_NO_COMMON_BLOCKS = YES;
				GCC_OPTIMIZATION_LEVEL = 0;
				GCC_PREPROCESSOR_DEFINITIONS = (
					"DEBUG=1",
					"$(inherited)",
				);
				GCC_WARN_64_TO_32_BIT_CONVERSION = YES;
				GCC_WARN_ABOUT_RETURN_TYPE = YES_ERROR;
				GCC_WARN_UNDECLARED_SELECTOR = YES;
				GCC_WARN_UNINITIALIZED_AUTOS = YES_AGGRESSIVE;
				GCC_WARN_UNUSED_FUNCTION = YES;
				GCC_WARN_UNUSED_VARIABLE = YES;
				IPHONEOS_DEPLOYMENT_TARGET = 17.0;
				LOCALIZATION_PREFERS_STRING_CATALOGS = YES;
				MTL_ENABLE_DEBUG_INFO = INCLUDE_SOURCE;
				MTL_FAST_MATH = YES;
				ONLY_ACTIVE_ARCH = YES;
				SDKROOT = iphoneos;
				SWIFT_ACTIVE_COMPILATION_CONDITIONS = "DEBUG $(inherited)";
				SWIFT_OPTIMIZATION_LEVEL = "-Onone";
			};
			name = Debug;
		};
		FC70CBF02A51D617008D8272 /* Release */ = {
			isa = XCBuildConfiguration;
			buildSettings = {
				ALWAYS_SEARCH_USER_PATHS = NO;
				ASSETCATALOG_COMPILER_GENERATE_SWIFT_ASSET_SYMBOL_EXTENSIONS = YES;
				CLANG_ANALYZER_NONNULL = YES;
				CLANG_ANALYZER_NUMBER_OBJECT_CONVERSION = YES_AGGRESSIVE;
				CLANG_CXX_LANGUAGE_STANDARD = "gnu++20";
				CLANG_ENABLE_MODULES = YES;
				CLANG_ENABLE_OBJC_ARC = YES;
				CLANG_ENABLE_OBJC_WEAK = YES;
				CLANG_WARN_BLOCK_CAPTURE_AUTORELEASING = YES;
				CLANG_WARN_BOOL_CONVERSION = YES;
				CLANG_WARN_COMMA = YES;
				CLANG_WARN_CONSTANT_CONVERSION = YES;
				CLANG_WARN_DEPRECATED_OBJC_IMPLEMENTATIONS = YES;
				CLANG_WARN_DIRECT_OBJC_ISA_USAGE = YES_ERROR;
				CLANG_WARN_DOCUMENTATION_COMMENTS = YES;
				CLANG_WARN_EMPTY_BODY = YES;
				CLANG_WARN_ENUM_CONVERSION = YES;
				CLANG_WARN_INFINITE_RECURSION = YES;
				CLANG_WARN_INT_CONVERSION = YES;
				CLANG_WARN_NON_LITERAL_NULL_CONVERSION = YES;
				CLANG_WARN_OBJC_IMPLICIT_RETAIN_SELF = YES;
				CLANG_WARN_OBJC_LITERAL_CONVERSION = YES;
				CLANG_WARN_OBJC_ROOT_CLASS = YES_ERROR;
				CLANG_WARN_QUOTED_INCLUDE_IN_FRAMEWORK_HEADER = YES;
				CLANG_WARN_RANGE_LOOP_ANALYSIS = YES;
				CLANG_WARN_STRICT_PROTOTYPES = YES;
				CLANG_WARN_SUSPICIOUS_MOVE = YES;
				CLANG_WARN_UNGUARDED_AVAILABILITY = YES_AGGRESSIVE;
				CLANG_WARN_UNREACHABLE_CODE = YES;
				CLANG_WARN__DUPLICATE_METHOD_MATCH = YES;
				COPY_PHASE_STRIP = NO;
				DEBUG_INFORMATION_FORMAT = "dwarf-with-dsym";
				ENABLE_NS_ASSERTIONS = NO;
				ENABLE_STRICT_OBJC_MSGSEND = YES;
				ENABLE_USER_SCRIPT_SANDBOXING = YES;
				GCC_C_LANGUAGE_STANDARD = gnu17;
				GCC_NO_COMMON_BLOCKS = YES;
				GCC_WARN_64_TO_32_BIT_CONVERSION = YES;
				GCC_WARN_ABOUT_RETURN_TYPE = YES_ERROR;
				GCC_WARN_UNDECLARED_SELECTOR = YES;
				GCC_WARN_UNINITIALIZED_AUTOS = YES_AGGRESSIVE;
				GCC_WARN_UNUSED_FUNCTION = YES;
				GCC_WARN_UNUSED_VARIABLE = YES;
				IPHONEOS_DEPLOYMENT_TARGET = 17.0;
				LOCALIZATION_PREFERS_STRING_CATALOGS = YES;
				MTL_ENABLE_DEBUG_INFO = NO;
				MTL_FAST_MATH = YES;
				SDKROOT = iphoneos;
				SWIFT_COMPILATION_MODE = wholemodule;
				VALIDATE_PRODUCT = YES;
			};
			name = Release;
		};
		FC70CBF22A51D617008D8272 /* Debug */ = {
			isa = XCBuildConfiguration;
			buildSettings = {
				ASSETCATALOG_COMPILER_APPICON_NAME = AppIcon;
				ASSETCATALOG_COMPILER_GLOBAL_ACCENT_COLOR_NAME = AccentColor;
				CODE_SIGN_STYLE = Automatic;
				CURRENT_PROJECT_VERSION = 1;
				DEVELOPMENT_TEAM = YGSQ22Y77T;
				GENERATE_INFOPLIST_FILE = YES;
				INFOPLIST_FILE = RickAndMorty/Info.plist;
				INFOPLIST_KEY_UIApplicationSupportsIndirectInputEvents = YES;
				INFOPLIST_KEY_UILaunchStoryboardName = LaunchScreen;
				INFOPLIST_KEY_UISupportedInterfaceOrientations_iPad = "UIInterfaceOrientationPortrait UIInterfaceOrientationPortraitUpsideDown UIInterfaceOrientationLandscapeLeft UIInterfaceOrientationLandscapeRight";
				INFOPLIST_KEY_UISupportedInterfaceOrientations_iPhone = "UIInterfaceOrientationPortrait UIInterfaceOrientationLandscapeLeft UIInterfaceOrientationLandscapeRight";
				LD_RUNPATH_SEARCH_PATHS = (
					"$(inherited)",
					"@executable_path/Frameworks",
				);
				MARKETING_VERSION = 1.0;
				PRODUCT_BUNDLE_IDENTIFIER = br.com.roveridev.RickAndMorty;
				PRODUCT_NAME = "$(TARGET_NAME)";
				SWIFT_EMIT_LOC_STRINGS = YES;
				SWIFT_VERSION = 5.0;
				TARGETED_DEVICE_FAMILY = "1,2";
			};
			name = Debug;
		};
		FC70CBF32A51D617008D8272 /* Release */ = {
			isa = XCBuildConfiguration;
			buildSettings = {
				ASSETCATALOG_COMPILER_APPICON_NAME = AppIcon;
				ASSETCATALOG_COMPILER_GLOBAL_ACCENT_COLOR_NAME = AccentColor;
				CODE_SIGN_STYLE = Automatic;
				CURRENT_PROJECT_VERSION = 1;
				DEVELOPMENT_TEAM = YGSQ22Y77T;
				GENERATE_INFOPLIST_FILE = YES;
				INFOPLIST_FILE = RickAndMorty/Info.plist;
				INFOPLIST_KEY_UIApplicationSupportsIndirectInputEvents = YES;
				INFOPLIST_KEY_UILaunchStoryboardName = LaunchScreen;
				INFOPLIST_KEY_UISupportedInterfaceOrientations_iPad = "UIInterfaceOrientationPortrait UIInterfaceOrientationPortraitUpsideDown UIInterfaceOrientationLandscapeLeft UIInterfaceOrientationLandscapeRight";
				INFOPLIST_KEY_UISupportedInterfaceOrientations_iPhone = "UIInterfaceOrientationPortrait UIInterfaceOrientationLandscapeLeft UIInterfaceOrientationLandscapeRight";
				LD_RUNPATH_SEARCH_PATHS = (
					"$(inherited)",
					"@executable_path/Frameworks",
				);
				MARKETING_VERSION = 1.0;
				PRODUCT_BUNDLE_IDENTIFIER = br.com.roveridev.RickAndMorty;
				PRODUCT_NAME = "$(TARGET_NAME)";
				SWIFT_EMIT_LOC_STRINGS = YES;
				SWIFT_VERSION = 5.0;
				TARGETED_DEVICE_FAMILY = "1,2";
			};
			name = Release;
		};
/* End XCBuildConfiguration section */

/* Begin XCConfigurationList section */
		FC70CBD82A51D617008D8272 /* Build configuration list for PBXProject "RickAndMorty" */ = {
			isa = XCConfigurationList;
			buildConfigurations = (
				FC70CBEF2A51D617008D8272 /* Debug */,
				FC70CBF02A51D617008D8272 /* Release */,
			);
			defaultConfigurationIsVisible = 0;
			defaultConfigurationName = Release;
		};
		FC70CBF12A51D617008D8272 /* Build configuration list for PBXNativeTarget "RickAndMorty" */ = {
			isa = XCConfigurationList;
			buildConfigurations = (
				FC70CBF22A51D617008D8272 /* Debug */,
				FC70CBF32A51D617008D8272 /* Release */,
			);
			defaultConfigurationIsVisible = 0;
			defaultConfigurationName = Release;
		};
/* End XCConfigurationList section */
	};
	rootObject = FC70CBD52A51D617008D8272 /* Project object */;
}
